{
    "_readme": [
        "This file locks the dependencies of your project to a known state",
        "Read more about it at https://getcomposer.org/doc/01-basic-usage.md#installing-dependencies",
        "This file is @generated automatically"
    ],
    "content-hash": "30c5bd428bece98b555ddc0b2da044f3",
    "packages": [
        {
            "name": "container-interop/service-provider",
            "version": "v0.4.0",
            "source": {
                "type": "git",
                "url": "https://github.com/container-interop/service-provider.git",
                "reference": "4969b9e49460690b7430b3f1a87cab07be61418a"
            },
            "dist": {
                "type": "zip",
                "url": "https://api.github.com/repos/container-interop/service-provider/zipball/4969b9e49460690b7430b3f1a87cab07be61418a",
                "reference": "4969b9e49460690b7430b3f1a87cab07be61418a",
                "shasum": ""
            },
            "require": {
                "psr/container": "^1.0"
            },
            "type": "library",
            "autoload": {
                "psr-4": {
                    "Interop\\Container\\": "src/"
                }
            },
            "notification-url": "https://packagist.org/downloads/",
            "license": [
                "MIT"
            ],
            "description": "Promoting container interoperability through standard service providers",
            "homepage": "https://github.com/container-interop/service-provider",
            "support": {
                "issues": "https://github.com/container-interop/service-provider/issues",
                "source": "https://github.com/container-interop/service-provider/tree/master"
            },
            "time": "2017-09-20T14:13:36+00:00"
        },
        {
            "name": "dhii/module-interface",
            "version": "v0.3.0-alpha2",
            "source": {
                "type": "git",
                "url": "https://github.com/Dhii/module-interface.git",
                "reference": "0e39f167d7ed8990c82f5d2e6084159d1a502a5b"
            },
            "dist": {
                "type": "zip",
                "url": "https://api.github.com/repos/Dhii/module-interface/zipball/0e39f167d7ed8990c82f5d2e6084159d1a502a5b",
                "reference": "0e39f167d7ed8990c82f5d2e6084159d1a502a5b",
                "shasum": ""
            },
            "require": {
                "container-interop/service-provider": "^0.4",
                "php": "^7.1 | ^8.0",
                "psr/container": "^1.0"
            },
            "require-dev": {
                "phpunit/phpunit": "^7.0 | ^8.0 | ^9.0",
                "slevomat/coding-standard": "^6.0",
                "vimeo/psalm": "^3.11.7 | ^4.0"
            },
            "type": "library",
            "extra": {
                "branch-alias": {
                    "dev-develop": "0.3.x-dev"
                }
            },
            "autoload": {
                "psr-4": {
                    "Dhii\\Modular\\Module\\": "src"
                }
            },
            "notification-url": "https://packagist.org/downloads/",
            "license": [
                "MIT"
            ],
            "authors": [
                {
                    "name": "Dhii Team",
                    "email": "development@dhii.co"
                }
            ],
            "description": "Interfaces for modules",
            "support": {
                "issues": "https://github.com/Dhii/module-interface/issues",
                "source": "https://github.com/Dhii/module-interface/tree/v0.3.0-alpha2"
            },
            "time": "2021-08-23T08:23:01+00:00"
        },
        {
            "name": "psr/container",
            "version": "1.1.1",
            "source": {
                "type": "git",
                "url": "https://github.com/php-fig/container.git",
                "reference": "8622567409010282b7aeebe4bb841fe98b58dcaf"
            },
            "dist": {
                "type": "zip",
                "url": "https://api.github.com/repos/php-fig/container/zipball/8622567409010282b7aeebe4bb841fe98b58dcaf",
                "reference": "8622567409010282b7aeebe4bb841fe98b58dcaf",
                "shasum": ""
            },
            "require": {
                "php": ">=7.2.0"
            },
            "type": "library",
            "autoload": {
                "psr-4": {
                    "Psr\\Container\\": "src/"
                }
            },
            "notification-url": "https://packagist.org/downloads/",
            "license": [
                "MIT"
            ],
            "authors": [
                {
                    "name": "PHP-FIG",
                    "homepage": "https://www.php-fig.org/"
                }
            ],
            "description": "Common Container Interface (PHP FIG PSR-11)",
            "homepage": "https://github.com/php-fig/container",
            "keywords": [
                "PSR-11",
                "container",
                "container-interface",
                "container-interop",
                "psr"
            ],
            "support": {
                "issues": "https://github.com/php-fig/container/issues",
                "source": "https://github.com/php-fig/container/tree/1.1.1"
            },
            "time": "2021-03-05T17:36:06+00:00"
        }
    ],
    "packages-dev": [],
    "aliases": [],
    "minimum-stability": "dev",
    "stability-flags": [],
    "prefer-stable": true,
    "prefer-lowest": false,
    "platform": {
        "php": "^7.2 | ^8.0"
    },
    "platform-dev": [],
    "plugin-api-version": "2.3.0"
}
